
Microsoft Visual Studio Solution File, Format Version 12.00
# Visual Studio Version 17
VisualStudioVersion = 17.12.35527.113
MinimumVisualStudioVersion = 10.0.40219.1
Project("{2150E333-8FDC-42A3-9474-1A3956D46DE8}") = "Services", "Services", "{5953D33E-884B-4505-BB36-35A7AD283817}"
EndProject
Project("{2150E333-8FDC-42A3-9474-1A3956D46DE8}") = "Auth", "Auth", "{FF01610A-FE53-4C49-8A24-274BACAC7F8E}"
EndProject
Project("{FAE04EC0-301F-11D3-BF4B-00C04F79EFBC}") = "Auth.API", "Services\Auth\Auth.API\Auth.API.csproj", "{70B5ACA2-790E-443C-9DCA-812DC548488F}"
EndProject
Project("{FAE04EC0-301F-11D3-BF4B-00C04F79EFBC}") = "Auth.Infrastructure", "Services\Auth\Auth.Infrastructure\Auth.Infrastructure.csproj", "{04F3F36A-F55A-4753-A755-25F8A9B9C366}"
EndProject
Project("{FAE04EC0-301F-11D3-BF4B-00C04F79EFBC}") = "Auth.Application", "Services\Auth\Auth.Application\Auth.Application.csproj", "{52071E22-ABEA-4E50-9089-7249C3AF0844}"
EndProject
Project("{FAE04EC0-301F-11D3-BF4B-00C04F79EFBC}") = "Auth.Domain", "Services\Auth\Auth.Domain\Auth.Domain.csproj", "{80AC8FE7-1205-4913-A27F-2BE9AF335E8F}"
EndProject
Project("{2150E333-8FDC-42A3-9474-1A3956D46DE8}") = "ProductCatalog", "ProductCatalog", "{D3DB3362-371B-4616-BEA9-1A8B3A458146}"
EndProject
Project("{FAE04EC0-301F-11D3-BF4B-00C04F79EFBC}") = "ProductCatalog.API", "Services\ProductCatalog\ProductCatalog.API\ProductCatalog.API.csproj", "{2EA9C90A-B1E2-4099-81D1-2CC50D4E910C}"
EndProject
Project("{2150E333-8FDC-42A3-9474-1A3956D46DE8}") = "ShoppingCart", "ShoppingCart", "{505A6F62-3359-475A-B196-8700CA646A55}"
EndProject
Project("{FAE04EC0-301F-11D3-BF4B-00C04F79EFBC}") = "ShoppingCart.API", "Services\ShoppingCart\ShoppingCart.API\ShoppingCart.API.csproj", "{FB36424D-3C7B-4345-96FD-48D78A26085C}"
EndProject
Project("{2150E333-8FDC-42A3-9474-1A3956D46DE8}") = "Order", "Order", "{386B7609-3FC6-4D9D-89E8-18F4AE090BCF}"
EndProject
Project("{FAE04EC0-301F-11D3-BF4B-00C04F79EFBC}") = "Order.API", "Services\Order\Order.API\Order.API.csproj", "{F051AC21-7B67-4539-B1A5-4052F21B07EE}"
EndProject
Project("{FAE04EC0-301F-11D3-BF4B-00C04F79EFBC}") = "Order.Application", "Services\Order\Order.Application\Order.Application.csproj", "{D0C02FE6-78B4-417A-AB27-9365DD0CCBBF}"
EndProject
Project("{FAE04EC0-301F-11D3-BF4B-00C04F79EFBC}") = "Order.Domain", "Services\Order\Order.Domain\Order.Domain.csproj", "{E37BCA1F-FCBA-4DBA-A4E9-74DCDEF0E085}"
EndProject
Project("{FAE04EC0-301F-11D3-BF4B-00C04F79EFBC}") = "Order.Infrastructure", "Services\Order\Order.Infrastructure\Order.Infrastructure.csproj", "{DD2BA70D-8448-4DCB-B7CA-99505ECF5764}"
EndProject
Project("{FAE04EC0-301F-11D3-BF4B-00C04F79EFBC}") = "Order.SharedKernel", "Services\Order\Order.SharedKernel\Order.SharedKernel.csproj", "{EB76518E-341F-498E-A192-E16EB8B52A54}"
EndProject
Project("{2150E333-8FDC-42A3-9474-1A3956D46DE8}") = "BuildingBlocks", "BuildingBlocks", "{A1731EDA-FE28-4E17-B460-784B48450D1F}"
EndProject
Project("{FAE04EC0-301F-11D3-BF4B-00C04F79EFBC}") = "BuildingBlocks.Messaging", "BuildingBlocks\BuildingBlocks.Messaging\BuildingBlocks.Messaging.csproj", "{1E27A7D5-55EA-4499-95F6-10414361986D}"
EndProject
Project("{2150E333-8FDC-42A3-9474-1A3956D46DE8}") = "Coupon", "Coupon", "{8CB6F183-F7CF-4154-8EA1-BB87E19A4D10}"
EndProject
Project("{FAE04EC0-301F-11D3-BF4B-00C04F79EFBC}") = "Coupon.Grpc", "Services\Coupon\Coupon.Grpc\Coupon.Grpc.csproj", "{42BD7C76-1433-40E7-8B45-BCB58DFCF32B}"
EndProject
Global
	GlobalSection(SolutionConfigurationPlatforms) = preSolution
		Debug|Any CPU = Debug|Any CPU
		Release|Any CPU = Release|Any CPU
	EndGlobalSection
	GlobalSection(ProjectConfigurationPlatforms) = postSolution
		{70B5ACA2-790E-443C-9DCA-812DC548488F}.Debug|Any CPU.ActiveCfg = Debug|Any CPU
		{70B5ACA2-790E-443C-9DCA-812DC548488F}.Debug|Any CPU.Build.0 = Debug|Any CPU
		{70B5ACA2-790E-443C-9DCA-812DC548488F}.Release|Any CPU.ActiveCfg = Release|Any CPU
		{70B5ACA2-790E-443C-9DCA-812DC548488F}.Release|Any CPU.Build.0 = Release|Any CPU
		{04F3F36A-F55A-4753-A755-25F8A9B9C366}.Debug|Any CPU.ActiveCfg = Debug|Any CPU
		{04F3F36A-F55A-4753-A755-25F8A9B9C366}.Debug|Any CPU.Build.0 = Debug|Any CPU
		{04F3F36A-F55A-4753-A755-25F8A9B9C366}.Release|Any CPU.ActiveCfg = Release|Any CPU
		{04F3F36A-F55A-4753-A755-25F8A9B9C366}.Release|Any CPU.Build.0 = Release|Any CPU
		{52071E22-ABEA-4E50-9089-7249C3AF0844}.Debug|Any CPU.ActiveCfg = Debug|Any CPU
		{52071E22-ABEA-4E50-9089-7249C3AF0844}.Debug|Any CPU.Build.0 = Debug|Any CPU
		{52071E22-ABEA-4E50-9089-7249C3AF0844}.Release|Any CPU.ActiveCfg = Release|Any CPU
		{52071E22-ABEA-4E50-9089-7249C3AF0844}.Release|Any CPU.Build.0 = Release|Any CPU
		{80AC8FE7-1205-4913-A27F-2BE9AF335E8F}.Debug|Any CPU.ActiveCfg = Debug|Any CPU
		{80AC8FE7-1205-4913-A27F-2BE9AF335E8F}.Debug|Any CPU.Build.0 = Debug|Any CPU
		{80AC8FE7-1205-4913-A27F-2BE9AF335E8F}.Release|Any CPU.ActiveCfg = Release|Any CPU
		{80AC8FE7-1205-4913-A27F-2BE9AF335E8F}.Release|Any CPU.Build.0 = Release|Any CPU
		{2EA9C90A-B1E2-4099-81D1-2CC50D4E910C}.Debug|Any CPU.ActiveCfg = Debug|Any CPU
		{2EA9C90A-B1E2-4099-81D1-2CC50D4E910C}.Debug|Any CPU.Build.0 = Debug|Any CPU
		{2EA9C90A-B1E2-4099-81D1-2CC50D4E910C}.Release|Any CPU.ActiveCfg = Release|Any CPU
		{2EA9C90A-B1E2-4099-81D1-2CC50D4E910C}.Release|Any CPU.Build.0 = Release|Any CPU
		{FB36424D-3C7B-4345-96FD-48D78A26085C}.Debug|Any CPU.ActiveCfg = Debug|Any CPU
		{FB36424D-3C7B-4345-96FD-48D78A26085C}.Debug|Any CPU.Build.0 = Debug|Any CPU
		{FB36424D-3C7B-4345-96FD-48D78A26085C}.Release|Any CPU.ActiveCfg = Release|Any CPU
		{FB36424D-3C7B-4345-96FD-48D78A26085C}.Release|Any CPU.Build.0 = Release|Any CPU
		{F051AC21-7B67-4539-B1A5-4052F21B07EE}.Debug|Any CPU.ActiveCfg = Debug|Any CPU
		{F051AC21-7B67-4539-B1A5-4052F21B07EE}.Debug|Any CPU.Build.0 = Debug|Any CPU
		{F051AC21-7B67-4539-B1A5-4052F21B07EE}.Release|Any CPU.ActiveCfg = Release|Any CPU
		{F051AC21-7B67-4539-B1A5-4052F21B07EE}.Release|Any CPU.Build.0 = Release|Any CPU
		{D0C02FE6-78B4-417A-AB27-9365DD0CCBBF}.Debug|Any CPU.ActiveCfg = Debug|Any CPU
		{D0C02FE6-78B4-417A-AB27-9365DD0CCBBF}.Debug|Any CPU.Build.0 = Debug|Any CPU
		{D0C02FE6-78B4-417A-AB27-9365DD0CCBBF}.Release|Any CPU.ActiveCfg = Release|Any CPU
		{D0C02FE6-78B4-417A-AB27-9365DD0CCBBF}.Release|Any CPU.Build.0 = Release|Any CPU
		{E37BCA1F-FCBA-4DBA-A4E9-74DCDEF0E085}.Debug|Any CPU.ActiveCfg = Debug|Any CPU
		{E37BCA1F-FCBA-4DBA-A4E9-74DCDEF0E085}.Debug|Any CPU.Build.0 = Debug|Any CPU
		{E37BCA1F-FCBA-4DBA-A4E9-74DCDEF0E085}.Release|Any CPU.ActiveCfg = Release|Any CPU
		{E37BCA1F-FCBA-4DBA-A4E9-74DCDEF0E085}.Release|Any CPU.Build.0 = Release|Any CPU
		{DD2BA70D-8448-4DCB-B7CA-99505ECF5764}.Debug|Any CPU.ActiveCfg = Debug|Any CPU
		{DD2BA70D-8448-4DCB-B7CA-99505ECF5764}.Debug|Any CPU.Build.0 = Debug|Any CPU
		{DD2BA70D-8448-4DCB-B7CA-99505ECF5764}.Release|Any CPU.ActiveCfg = Release|Any CPU
		{DD2BA70D-8448-4DCB-B7CA-99505ECF5764}.Release|Any CPU.Build.0 = Release|Any CPU
		{EB76518E-341F-498E-A192-E16EB8B52A54}.Debug|Any CPU.ActiveCfg = Debug|Any CPU
		{EB76518E-341F-498E-A192-E16EB8B52A54}.Debug|Any CPU.Build.0 = Debug|Any CPU
		{EB76518E-341F-498E-A192-E16EB8B52A54}.Release|Any CPU.ActiveCfg = Release|Any CPU
		{EB76518E-341F-498E-A192-E16EB8B52A54}.Release|Any CPU.Build.0 = Release|Any CPU
		{1E27A7D5-55EA-4499-95F6-10414361986D}.Debug|Any CPU.ActiveCfg = Debug|Any CPU
		{1E27A7D5-55EA-4499-95F6-10414361986D}.Debug|Any CPU.Build.0 = Debug|Any CPU
		{1E27A7D5-55EA-4499-95F6-10414361986D}.Release|Any CPU.ActiveCfg = Release|Any CPU
		{1E27A7D5-55EA-4499-95F6-10414361986D}.Release|Any CPU.Build.0 = Release|Any CPU
		{42BD7C76-1433-40E7-8B45-BCB58DFCF32B}.Debug|Any CPU.ActiveCfg = Debug|Any CPU
		{42BD7C76-1433-40E7-8B45-BCB58DFCF32B}.Debug|Any CPU.Build.0 = Debug|Any CPU
		{42BD7C76-1433-40E7-8B45-BCB58DFCF32B}.Release|Any CPU.ActiveCfg = Release|Any CPU
		{42BD7C76-1433-40E7-8B45-BCB58DFCF32B}.Release|Any CPU.Build.0 = Release|Any CPU
	EndGlobalSection
	GlobalSection(SolutionProperties) = preSolution
		HideSolutionNode = FALSE
	EndGlobalSection
	GlobalSection(NestedProjects) = preSolution
		{FF01610A-FE53-4C49-8A24-274BACAC7F8E} = {5953D33E-884B-4505-BB36-35A7AD283817}
		{70B5ACA2-790E-443C-9DCA-812DC548488F} = {FF01610A-FE53-4C49-8A24-274BACAC7F8E}
		{04F3F36A-F55A-4753-A755-25F8A9B9C366} = {FF01610A-FE53-4C49-8A24-274BACAC7F8E}
		{52071E22-ABEA-4E50-9089-7249C3AF0844} = {FF01610A-FE53-4C49-8A24-274BACAC7F8E}
		{80AC8FE7-1205-4913-A27F-2BE9AF335E8F} = {FF01610A-FE53-4C49-8A24-274BACAC7F8E}
		{D3DB3362-371B-4616-BEA9-1A8B3A458146} = {5953D33E-884B-4505-BB36-35A7AD283817}
		{2EA9C90A-B1E2-4099-81D1-2CC50D4E910C} = {D3DB3362-371B-4616-BEA9-1A8B3A458146}
		{505A6F62-3359-475A-B196-8700CA646A55} = {5953D33E-884B-4505-BB36-35A7AD283817}
		{FB36424D-3C7B-4345-96FD-48D78A26085C} = {505A6F62-3359-475A-B196-8700CA646A55}
		{386B7609-3FC6-4D9D-89E8-18F4AE090BCF} = {5953D33E-884B-4505-BB36-35A7AD283817}
		{F051AC21-7B67-4539-B1A5-4052F21B07EE} = {386B7609-3FC6-4D9D-89E8-18F4AE090BCF}
		{D0C02FE6-78B4-417A-AB27-9365DD0CCBBF} = {386B7609-3FC6-4D9D-89E8-18F4AE090BCF}
		{E37BCA1F-FCBA-4DBA-A4E9-74DCDEF0E085} = {386B7609-3FC6-4D9D-89E8-18F4AE090BCF}
		{DD2BA70D-8448-4DCB-B7CA-99505ECF5764} = {386B7609-3FC6-4D9D-89E8-18F4AE090BCF}
		{EB76518E-341F-498E-A192-E16EB8B52A54} = {386B7609-3FC6-4D9D-89E8-18F4AE090BCF}
		{1E27A7D5-55EA-4499-95F6-10414361986D} = {A1731EDA-FE28-4E17-B460-784B48450D1F}
		{8CB6F183-F7CF-4154-8EA1-BB87E19A4D10} = {5953D33E-884B-4505-BB36-35A7AD283817}
		{42BD7C76-1433-40E7-8B45-BCB58DFCF32B} = {8CB6F183-F7CF-4154-8EA1-BB87E19A4D10}
	EndGlobalSection
EndGlobal
